
Microsoft Visual Studio Solution File, Format Version 11.00
# Visual Studio 2010
Project("{FAE04EC0-301F-11D3-BF4B-00C04F79EFBC}") = "LockSystemBusiness", "LockSystemBusiness\LockSystemBusiness.csproj", "{F510AA6F-21BE-4565-8DD8-A8B6AF4A357E}"
EndProject
Global
	GlobalSection(SolutionConfigurationPlatforms) = preSolution
		Debug|Any CPU = Debug|Any CPU
		Release|Any CPU = Release|Any CPU
	EndGlobalSection
	GlobalSection(ProjectConfigurationPlatforms) = postSolution
		{F510AA6F-21BE-4565-8DD8-A8B6AF4A357E}.Debug|Any CPU.ActiveCfg = Debug|Any CPU
		{F510AA6F-21BE-4565-8DD8-A8B6AF4A357E}.Debug|Any CPU.Build.0 = Debug|Any CPU
		{F510AA6F-21BE-4565-8DD8-A8B6AF4A357E}.Release|Any CPU.ActiveCfg = Release|Any CPU
		{F510AA6F-21BE-4565-8DD8-A8B6AF4A357E}.Release|Any CPU.Build.0 = Release|Any CPU
	EndGlobalSection
	GlobalSection(SolutionProperties) = preSolution
		HideSolutionNode = FALSE
	EndGlobalSection
EndGlobal
